<?xml version="1.0" encoding="utf-8"?>
<Project ToolsVersion="14.0" xmlns="http://schemas.microsoft.com/developer/msbuild/2003">
  <ItemGroup>
    <ClCompile Include="$(MSBuildThisFileDirectory)..\..\..\handwritten\cpp\record_with_derivings.cpp">
      <Filter>cpp</Filter>
    </ClCompile>
    <ClCompile Include="$(MSBuildThisFileDirectory)..\..\..\handwritten\cpp\record_with_duration_and_derivings.cpp">
      <Filter>cpp</Filter>
    </ClCompile>
    <ClCompile Include="$(MSBuildThisFileDirectory)..\..\..\handwritten\cpp\record_with_nested_derivings.cpp">
      <Filter>cpp</Filter>
    </ClCompile>
    <ClCompile Include="$(MSBuildThisFileDirectory)..\..\..\handwritten\cpp\assorted_primitives.cpp">
      <Filter>cpp</Filter>
    </ClCompile>
    <ClCompile Include="$(MSBuildThisFileDirectory)..\..\..\handwritten\cpp\constants.cpp">
      <Filter>cpp</Filter>
    </ClCompile>
    <ClCompile Include="$(MSBuildThisFileDirectory)..\..\..\handwritten\cpp\constants_interface.cpp">
      <Filter>cpp</Filter>
    </ClCompile>
    <ClCompile Include="$(MSBuildThisFileDirectory)..\..\..\handwritten\cpp\date_record.cpp">
      <Filter>cpp</Filter>
    </ClCompile>
    <ClCompile Include="$(MSBuildThisFileDirectory)..\..\..\handwritten\cx\AssortedPrimitives.cpp">
      <Filter>cx</Filter>
    </ClCompile>
  </ItemGroup>
  <ItemGroup>
    <Filter Include="cx">
      <UniqueIdentifier>{ada42f15-25be-40af-a985-b179cf7b80b1}</UniqueIdentifier>
    </Filter>
    <Filter Include="cpp">
      <UniqueIdentifier>{a396c754-fd75-42ca-8de5-d6eb5b490f27}</UniqueIdentifier>
    </Filter>
  </ItemGroup>
  <ItemGroup>
    <ClInclude Include="$(MSBuildThisFileDirectory)..\..\..\handwritten\cpp\map_date_record.hpp">
      <Filter>cpp</Filter>
    </ClInclude>
    <ClInclude Include="$(MSBuildThisFileDirectory)..\..\..\handwritten\cpp\map_list_record.hpp">
      <Filter>cpp</Filter>
    </ClInclude>
    <ClInclude Include="$(MSBuildThisFileDirectory)..\..\..\handwritten\cpp\map_record.hpp">
      <Filter>cpp</Filter>
    </ClInclude>
    <ClInclude Include="$(MSBuildThisFileDirectory)..\..\..\handwritten\cpp\nested_collection.hpp">
      <Filter>cpp</Filter>
    </ClInclude>
    <ClInclude Include="$(MSBuildThisFileDirectory)..\..\..\handwritten\cpp\primitive_list.hpp">
      <Filter>cpp</Filter>
    </ClInclude>
    <ClInclude Include="$(MSBuildThisFileDirectory)..\..\..\handwritten\cpp\record_with_derivings.hpp">
      <Filter>cpp</Filter>
    </ClInclude>
    <ClInclude Include="$(MSBuildThisFileDirectory)..\..\..\handwritten\cpp\record_with_duration_and_derivings.hpp">
      <Filter>cpp</Filter>
    </ClInclude>
    <ClInclude Include="$(MSBuildThisFileDirectory)..\..\..\handwritten\cpp\record_with_nested_derivings.hpp">
      <Filter>cpp</Filter>
    </ClInclude>
    <ClInclude Include="$(MSBuildThisFileDirectory)..\..\..\handwritten\cpp\set_record.hpp">
      <Filter>cpp</Filter>
    </ClInclude>
    <ClInclude Include="$(MSBuildThisFileDirectory)..\..\..\handwritten\cpp\test_duration.hpp">
      <Filter>cpp</Filter>
    </ClInclude>
    <ClInclude Include="$(MSBuildThisFileDirectory)..\..\..\handwritten\cpp\test_helpers.hpp">
      <Filter>cpp</Filter>
    </ClInclude>
    <ClInclude Include="$(MSBuildThisFileDirectory)..\..\..\handwritten\cpp\token.hpp">
      <Filter>cpp</Filter>
    </ClInclude>
    <ClInclude Include="$(MSBuildThisFileDirectory)..\..\..\handwritten\cpp\assorted_primitives.hpp">
      <Filter>cpp</Filter>
    </ClInclude>
    <ClInclude Include="$(MSBuildThisFileDirectory)..\..\..\handwritten\cpp\client_interface.hpp">
      <Filter>cpp</Filter>
    </ClInclude>
    <ClInclude Include="$(MSBuildThisFileDirectory)..\..\..\handwritten\cpp\client_returned_record.hpp">
      <Filter>cpp</Filter>
    </ClInclude>
    <ClInclude Include="$(MSBuildThisFileDirectory)..\..\..\handwritten\cpp\color.hpp">
      <Filter>cpp</Filter>
    </ClInclude>
    <ClInclude Include="$(MSBuildThisFileDirectory)..\..\..\handwritten\cpp\constants.hpp">
      <Filter>cpp</Filter>
    </ClInclude>
    <ClInclude Include="$(MSBuildThisFileDirectory)..\..\..\handwritten\cpp\constants_interface.hpp">
      <Filter>cpp</Filter>
    </ClInclude>
    <ClInclude Include="$(MSBuildThisFileDirectory)..\..\..\handwritten\cpp\cpp_exception.hpp">
      <Filter>cpp</Filter>
    </ClInclude>
    <ClInclude Include="$(MSBuildThisFileDirectory)..\..\..\handwritten\cpp\date_record.hpp">
      <Filter>cpp</Filter>
    </ClInclude>
    <ClInclude Include="$(MSBuildThisFileDirectory)..\..\..\handwritten\cpp\empty_record.hpp">
      <Filter>cpp</Filter>
    </ClInclude>
    <ClInclude Include="$(MSBuildThisFileDirectory)..\..\..\handwritten\cx\ClientReturnedRecord.h">
      <Filter>cx</Filter>
    </ClInclude>
    <ClInclude Include="$(MSBuildThisFileDirectory)..\..\..\handwritten\cx\AssortedPrimitives.h">
      <Filter>cx</Filter>
    </ClInclude>
  </ItemGroup>
</Project>